
Microsoft Visual Studio Solution File, Format Version 12.00
# Visual Studio Version 17
VisualStudioVersion = 17.0.31903.59
MinimumVisualStudioVersion = 10.0.40219.1
Project("{FAE04EC0-301F-11D3-BF4B-00C04F79EFBC}") = "BusSender", "BusSender.csproj", "{CD659942-E7DF-4958-BEEB-735953608B92}"
EndProject
Global
	GlobalSection(SolutionConfigurationPlatforms) = preSolution
		Debug|Any CPU = Debug|Any CPU
		Release|Any CPU = Release|Any CPU
	EndGlobalSection
	GlobalSection(ProjectConfigurationPlatforms) = postSolution
		{CD659942-E7DF-4958-BEEB-735953608B92}.Debug|Any CPU.ActiveCfg = Debug|Any CPU
		{CD659942-E7DF-4958-BEEB-735953608B92}.Debug|Any CPU.Build.0 = Debug|Any CPU
		{CD659942-E7DF-4958-BEEB-735953608B92}.Release|Any CPU.ActiveCfg = Release|Any CPU
		{CD659942-E7DF-4958-BEEB-735953608B92}.Release|Any CPU.Build.0 = Release|Any CPU
	EndGlobalSection
	GlobalSection(SolutionProperties) = preSolution
		HideSolutionNode = FALSE
	EndGlobalSection
	GlobalSection(ExtensibilityGlobals) = postSolution
		SolutionGuid = {AEE7011E-A894-4ED8-BBD5-1B1FC6589A21}
	EndGlobalSection
EndGlobal
